
Microsoft Visual Studio Solution File, Format Version 12.00
# Visual Studio Version 16
VisualStudioVersion = 16.0.31025.194
MinimumVisualStudioVersion = 10.0.40219.1
Project("{FAE04EC0-301F-11D3-BF4B-00C04F79EFBC}") = "Events", "Events.csproj", "{A641C458-3637-45E9-B001-87833355BC7D}"
EndProject
Global
	GlobalSection(SolutionConfigurationPlatforms) = preSolution
		Debug|Any CPU = Debug|Any CPU
		Release|Any CPU = Release|Any CPU
	EndGlobalSection
	GlobalSection(ProjectConfigurationPlatforms) = postSolution
		{A641C458-3637-45E9-B001-87833355BC7D}.Debug|Any CPU.ActiveCfg = Debug|Any CPU
		{A641C458-3637-45E9-B001-87833355BC7D}.Debug|Any CPU.Build.0 = Debug|Any CPU
		{A641C458-3637-45E9-B001-87833355BC7D}.Release|Any CPU.ActiveCfg = Release|Any CPU
		{A641C458-3637-45E9-B001-87833355BC7D}.Release|Any CPU.Build.0 = Release|Any CPU
	EndGlobalSection
	GlobalSection(SolutionProperties) = preSolution
		HideSolutionNode = FALSE
	EndGlobalSection
	GlobalSection(ExtensibilityGlobals) = postSolution
		SolutionGuid = {76CC4253-2412-49CB-AFE1-888ED22DD469}
	EndGlobalSection
EndGlobal
